<?xml version="1.0" encoding="utf-8"?>
<Project ToolsVersion="4.0" xmlns="http://schemas.microsoft.com/developer/msbuild/2003">
   <ItemGroup>
      <Filter Include="Source Files">
         <UniqueIdentifier>{ea3208b3-8e03-4fb4-a406-1704a5eb3793}</UniqueIdentifier>
         <Extensions>cpp;c;cxx;rc;def;r;odl;idl;hpj;bat;cc</Extensions>
      </Filter>
      <Filter Include="Source Files\source">
         <UniqueIdentifier>{f37cbfc6-e62f-4b43-bfff-147d64b2388b}</UniqueIdentifier>
      </Filter>
   </ItemGroup>
  <ItemGroup>
    <ResourceCompile Include="Torque.rc">
      <Filter>Source Files</Filter>
    </ResourceCompile>
  </ItemGroup>
   <ItemGroup>
      <ClCompile Include="..\..\..\..\..\Engine\source\main\main.cpp">
         <Filter>Source Files\source</Filter>
      </ClCompile>
   </ItemGroup>
   <ItemGroup>
   </ItemGroup>
   <ItemGroup>
   </ItemGroup>
</Project>